PODS:
  - AFNetworking (1.2.1)
  - Mantle (1.5):
    - Mantle/extobjc
  - Mantle/extobjc (1.5)
  - MBProgressHUD (0.9)

DEPENDENCIES:
  - AFNetworking (~> 1.2.1)
  - Mantle (~> 1.0)
  - MBProgressHUD (~> 0.6)

SPEC CHECKSUMS:
  AFNetworking: 7e82cfea05017c338ae62897f0a09ba1a8ebb479
  Mantle: c67a7e45e14196ed42b2a7cbb98ff6a9920e6b92
  MBProgressHUD: 2038dbcf3dce73215abed6001657043d53aa79a8

COCOAPODS: 0.33.1
