// !$*UTF8*$!
{
	archiveVersion = 1;
	classes = {
	};
	objectVersion = 46;
	objects = {

/* Begin PBXBuildFile section */
		AA53FE34170F5D6A00041748 /* RNRedeemViewController.m in Sources */ = {isa = PBXBuildFile; fileRef = AA53FE33170F5D6A00041748 /* RNRedeemViewController.m */; };
		AA53FE37170F5D7E00041748 /* RNRedeemDetailViewController.m in Sources */ = {isa = PBXBuildFile; fileRef = AA53FE36170F5D7E00041748 /* RNRedeemDetailViewController.m */; };
		AA53FE3B170F5D9200041748 /* RNLocalViewController.m in Sources */ = {isa = PBXBuildFile; fileRef = AA53FE3A170F5D9200041748 /* RNLocalViewController.m */; };
		AA53FE3E170F5DA200041748 /* RNLocalDetailViewController.m in Sources */ = {isa = PBXBuildFile; fileRef = AA53FE3D170F5DA200041748 /* RNLocalDetailViewController.m */; };
		AA53FE41170F5DEA00041748 /* RNLocalMapViewController.m in Sources */ = {isa = PBXBuildFile; fileRef = AA53FE40170F5DEA00041748 /* RNLocalMapViewController.m */; };
		AA53FE44170F5DF900041748 /* RNAccountViewController.m in Sources */ = {isa = PBXBuildFile; fileRef = AA53FE43170F5DF900041748 /* RNAccountViewController.m */; };
		AA53FE47170F5E3200041748 /* RNAccountEditViewController.m in Sources */ = {isa = PBXBuildFile; fileRef = AA53FE46170F5E3200041748 /* RNAccountEditViewController.m */; };
		AA53FE4A170F5E4300041748 /* RNAccountEditPasswordViewController.m in Sources */ = {isa = PBXBuildFile; fileRef = AA53FE49170F5E4300041748 /* RNAccountEditPasswordViewController.m */; };
		AA53FE4D170F5E5D00041748 /* RNAccountStatementViewController.m in Sources */ = {isa = PBXBuildFile; fileRef = AA53FE4C170F5E5C00041748 /* RNAccountStatementViewController.m */; };
		AA53FE50170F5E8C00041748 /* RNAboutViewController.m in Sources */ = {isa = PBXBuildFile; fileRef = AA53FE4F170F5E8C00041748 /* RNAboutViewController.m */; };
		AA53FE53170F5EA100041748 /* RNAboutEarningViewController.m in Sources */ = {isa = PBXBuildFile; fileRef = AA53FE52170F5EA100041748 /* RNAboutEarningViewController.m */; };
		AA53FE56170F5EAA00041748 /* RNAboutRulesViewController.m in Sources */ = {isa = PBXBuildFile; fileRef = AA53FE55170F5EAA00041748 /* RNAboutRulesViewController.m */; };
		AA53FE59170F5EB800041748 /* RNAboutQAViewController.m in Sources */ = {isa = PBXBuildFile; fileRef = AA53FE58170F5EB800041748 /* RNAboutQAViewController.m */; };
		AA53FE5F170F68EA00041748 /* RNConstants.m in Sources */ = {isa = PBXBuildFile; fileRef = AA53FE5E170F68EA00041748 /* RNConstants.m */; };
		AA53FE62170F6F8000041748 /* RNLocalAdditionalViewController.m in Sources */ = {isa = PBXBuildFile; fileRef = AA53FE61170F6F8000041748 /* RNLocalAdditionalViewController.m */; };
		AA53FE65170F707200041748 /* tabbar-shadow.png in Resources */ = {isa = PBXBuildFile; fileRef = AA53FE63170F707200041748 /* tabbar-shadow.png */; };
		AA53FE66170F707200041748 /* tabbar-shadow@2x.png in Resources */ = {isa = PBXBuildFile; fileRef = AA53FE64170F707200041748 /* tabbar-shadow@2x.png */; };
		AA53FE69170F712A00041748 /* redeem.png in Resources */ = {isa = PBXBuildFile; fileRef = AA53FE67170F712A00041748 /* redeem.png */; };
		AA53FE6A170F712A00041748 /* redeem@2x.png in Resources */ = {isa = PBXBuildFile; fileRef = AA53FE68170F712A00041748 /* redeem@2x.png */; };
		AA53FE6D170F717600041748 /* localdeals.png in Resources */ = {isa = PBXBuildFile; fileRef = AA53FE6B170F717600041748 /* localdeals.png */; };
		AA53FE6E170F717600041748 /* localdeals@2x.png in Resources */ = {isa = PBXBuildFile; fileRef = AA53FE6C170F717600041748 /* localdeals@2x.png */; };
		AA53FE73170F736800041748 /* cart-empty.png in Resources */ = {isa = PBXBuildFile; fileRef = AA53FE6F170F736700041748 /* cart-empty.png */; };
		AA53FE74170F736800041748 /* cart-empty@2x.png in Resources */ = {isa = PBXBuildFile; fileRef = AA53FE70170F736700041748 /* cart-empty@2x.png */; };
		AA53FE75170F736800041748 /* cart-full.png in Resources */ = {isa = PBXBuildFile; fileRef = AA53FE71170F736700041748 /* cart-full.png */; };
		AA53FE76170F736800041748 /* cart-full@2x.png in Resources */ = {isa = PBXBuildFile; fileRef = AA53FE72170F736700041748 /* cart-full@2x.png */; };
		AA53FE79170F741600041748 /* navbar-background.png in Resources */ = {isa = PBXBuildFile; fileRef = AA53FE77170F741600041748 /* navbar-background.png */; };
		AA53FE7A170F741600041748 /* navbar-background@2x.png in Resources */ = {isa = PBXBuildFile; fileRef = AA53FE78170F741600041748 /* navbar-background@2x.png */; };
		AA53FE7D170F78D900041748 /* RNRedeemCell.m in Sources */ = {isa = PBXBuildFile; fileRef = AA53FE7C170F78D900041748 /* RNRedeemCell.m */; };
		AA53FE81170F7F0E00041748 /* charitychoice.png in Resources */ = {isa = PBXBuildFile; fileRef = AA53FE7E170F7F0D00041748 /* charitychoice.png */; };
		AA53FE82170F7F0E00041748 /* gap.png in Resources */ = {isa = PBXBuildFile; fileRef = AA53FE7F170F7F0D00041748 /* gap.png */; };
		AA53FE83170F7F0E00041748 /* jcpenny.png in Resources */ = {isa = PBXBuildFile; fileRef = AA53FE80170F7F0E00041748 /* jcpenny.png */; };
		AA53FE9A170F86CD00041748 /* AFHTTPClient.m in Sources */ = {isa = PBXBuildFile; fileRef = AA53FE88170F86CD00041748 /* AFHTTPClient.m */; };
		AA53FE9B170F86CD00041748 /* AFHTTPRequestOperation.m in Sources */ = {isa = PBXBuildFile; fileRef = AA53FE8A170F86CD00041748 /* AFHTTPRequestOperation.m */; };
		AA53FE9C170F86CD00041748 /* AFImageRequestOperation.m in Sources */ = {isa = PBXBuildFile; fileRef = AA53FE8C170F86CD00041748 /* AFImageRequestOperation.m */; };
		AA53FE9D170F86CD00041748 /* AFJSONRequestOperation.m in Sources */ = {isa = PBXBuildFile; fileRef = AA53FE8E170F86CD00041748 /* AFJSONRequestOperation.m */; };
		AA53FE9E170F86CD00041748 /* AFNetworkActivityIndicatorManager.m in Sources */ = {isa = PBXBuildFile; fileRef = AA53FE90170F86CD00041748 /* AFNetworkActivityIndicatorManager.m */; };
		AA53FE9F170F86CD00041748 /* AFPropertyListRequestOperation.m in Sources */ = {isa = PBXBuildFile; fileRef = AA53FE93170F86CD00041748 /* AFPropertyListRequestOperation.m */; };
		AA53FEA0170F86CD00041748 /* AFURLConnectionOperation.m in Sources */ = {isa = PBXBuildFile; fileRef = AA53FE95170F86CD00041748 /* AFURLConnectionOperation.m */; };
		AA53FEA1170F86CD00041748 /* AFXMLRequestOperation.m in Sources */ = {isa = PBXBuildFile; fileRef = AA53FE97170F86CD00041748 /* AFXMLRequestOperation.m */; };
		AA53FEA2170F86CD00041748 /* UIImageView+AFNetworking.m in Sources */ = {isa = PBXBuildFile; fileRef = AA53FE99170F86CD00041748 /* UIImageView+AFNetworking.m */; };
		AA53FEA5170F873C00041748 /* RNWebService.m in Sources */ = {isa = PBXBuildFile; fileRef = AA53FEA4170F873C00041748 /* RNWebService.m */; };
		AA53FEA7170F8ADC00041748 /* SystemConfiguration.framework in Frameworks */ = {isa = PBXBuildFile; fileRef = AA53FEA6170F8ADC00041748 /* SystemConfiguration.framework */; };
		AA53FEA9170F8AE200041748 /* MobileCoreServices.framework in Frameworks */ = {isa = PBXBuildFile; fileRef = AA53FEA8170F8AE200041748 /* MobileCoreServices.framework */; };
		AA53FEAE170F937A00041748 /* about.png in Resources */ = {isa = PBXBuildFile; fileRef = AA53FEAA170F937A00041748 /* about.png */; };
		AA53FEAF170F937A00041748 /* about@2x.png in Resources */ = {isa = PBXBuildFile; fileRef = AA53FEAB170F937A00041748 /* about@2x.png */; };
		AA53FEB0170F937A00041748 /* account.png in Resources */ = {isa = PBXBuildFile; fileRef = AA53FEAC170F937A00041748 /* account.png */; };
		AA53FEB1170F937A00041748 /* account@2x.png in Resources */ = {isa = PBXBuildFile; fileRef = AA53FEAD170F937A00041748 /* account@2x.png */; };
		AA53FEB31710A5AB00041748 /* QuartzCore.framework in Frameworks */ = {isa = PBXBuildFile; fileRef = AA53FEB21710A5AB00041748 /* QuartzCore.framework */; };
		AA53FEB71710CFFE00041748 /* RNObject.m in Sources */ = {isa = PBXBuildFile; fileRef = AA53FEB61710CFFE00041748 /* RNObject.m */; };
		AA53FEBA1710D01400041748 /* RNRedeemObject.m in Sources */ = {isa = PBXBuildFile; fileRef = AA53FEB91710D01400041748 /* RNRedeemObject.m */; };
		AA53FEBD1710DC3600041748 /* RNLocalCell.m in Sources */ = {isa = PBXBuildFile; fileRef = AA53FEBC1710DC3600041748 /* RNLocalCell.m */; };
		AA53FEBF1710DDEA00041748 /* MapKit.framework in Frameworks */ = {isa = PBXBuildFile; fileRef = AA53FEBE1710DDE900041748 /* MapKit.framework */; };
		AA53FEC31710EE9700041748 /* RNCartViewController.m in Sources */ = {isa = PBXBuildFile; fileRef = AA53FEC21710EE9700041748 /* RNCartViewController.m */; };
		AA53FEC61710EEBB00041748 /* RNCartAccountViewController.m in Sources */ = {isa = PBXBuildFile; fileRef = AA53FEC51710EEBB00041748 /* RNCartAccountViewController.m */; };
		AA53FEC91710EF0600041748 /* RNCartConfirmationViewController.m in Sources */ = {isa = PBXBuildFile; fileRef = AA53FEC81710EF0600041748 /* RNCartConfirmationViewController.m */; };
		AA53FECC1710EF1900041748 /* RNCartThanksViewController.m in Sources */ = {isa = PBXBuildFile; fileRef = AA53FECB1710EF1900041748 /* RNCartThanksViewController.m */; };
		AA5510A2170F10A3001CC718 /* UIKit.framework in Frameworks */ = {isa = PBXBuildFile; fileRef = AA5510A1170F10A3001CC718 /* UIKit.framework */; };
		AA5510A4170F10A3001CC718 /* Foundation.framework in Frameworks */ = {isa = PBXBuildFile; fileRef = AA5510A3170F10A3001CC718 /* Foundation.framework */; };
		AA5510A6170F10A3001CC718 /* CoreGraphics.framework in Frameworks */ = {isa = PBXBuildFile; fileRef = AA5510A5170F10A3001CC718 /* CoreGraphics.framework */; };
		AA5510AC170F10A3001CC718 /* InfoPlist.strings in Resources */ = {isa = PBXBuildFile; fileRef = AA5510AA170F10A3001CC718 /* InfoPlist.strings */; };
		AA5510AE170F10A3001CC718 /* main.m in Sources */ = {isa = PBXBuildFile; fileRef = AA5510AD170F10A3001CC718 /* main.m */; };
		AA5510B2170F10A3001CC718 /* RNAppDelegate.m in Sources */ = {isa = PBXBuildFile; fileRef = AA5510B1170F10A3001CC718 /* RNAppDelegate.m */; };
		AA5510B4170F10A3001CC718 /* Default.png in Resources */ = {isa = PBXBuildFile; fileRef = AA5510B3170F10A3001CC718 /* Default.png */; };
		AA5510B6170F10A3001CC718 /* Default@2x.png in Resources */ = {isa = PBXBuildFile; fileRef = AA5510B5170F10A3001CC718 /* Default@2x.png */; };
		AA5510B8170F10A3001CC718 /* Default-568h@2x.png in Resources */ = {isa = PBXBuildFile; fileRef = AA5510B7170F10A3001CC718 /* Default-568h@2x.png */; };
		AA5510BB170F10A3001CC718 /* MainStoryboard.storyboard in Resources */ = {isa = PBXBuildFile; fileRef = AA5510B9170F10A3001CC718 /* MainStoryboard.storyboard */; };
		AA5510D1170F10A3001CC718 /* SenTestingKit.framework in Frameworks */ = {isa = PBXBuildFile; fileRef = AA5510D0170F10A3001CC718 /* SenTestingKit.framework */; };
		AA5510D2170F10A3001CC718 /* UIKit.framework in Frameworks */ = {isa = PBXBuildFile; fileRef = AA5510A1170F10A3001CC718 /* UIKit.framework */; };
		AA5510D3170F10A3001CC718 /* Foundation.framework in Frameworks */ = {isa = PBXBuildFile; fileRef = AA5510A3170F10A3001CC718 /* Foundation.framework */; };
		AA5510DB170F10A3001CC718 /* InfoPlist.strings in Resources */ = {isa = PBXBuildFile; fileRef = AA5510D9170F10A3001CC718 /* InfoPlist.strings */; };
		AA5510DE170F10A3001CC718 /* RewardsNowTests.m in Sources */ = {isa = PBXBuildFile; fileRef = AA5510DD170F10A3001CC718 /* RewardsNowTests.m */; };
/* End PBXBuildFile section */

/* Begin PBXContainerItemProxy section */
		AA5510D4170F10A3001CC718 /* PBXContainerItemProxy */ = {
			isa = PBXContainerItemProxy;
			containerPortal = AA551096170F10A3001CC718 /* Project object */;
			proxyType = 1;
			remoteGlobalIDString = AA55109D170F10A3001CC718;
			remoteInfo = RewardsNow;
		};
/* End PBXContainerItemProxy section */

/* Begin PBXFileReference section */
		AA53FE32170F5D6A00041748 /* RNRedeemViewController.h */ = {isa = PBXFileReference; fileEncoding = 4; lastKnownFileType = sourcecode.c.h; path = RNRedeemViewController.h; sourceTree = "<group>"; };
		AA53FE33170F5D6A00041748 /* RNRedeemViewController.m */ = {isa = PBXFileReference; fileEncoding = 4; lastKnownFileType = sourcecode.c.objc; path = RNRedeemViewController.m; sourceTree = "<group>"; };
		AA53FE35170F5D7E00041748 /* RNRedeemDetailViewController.h */ = {isa = PBXFileReference; fileEncoding = 4; lastKnownFileType = sourcecode.c.h; path = RNRedeemDetailViewController.h; sourceTree = "<group>"; };
		AA53FE36170F5D7E00041748 /* RNRedeemDetailViewController.m */ = {isa = PBXFileReference; fileEncoding = 4; lastKnownFileType = sourcecode.c.objc; path = RNRedeemDetailViewController.m; sourceTree = "<group>"; };
		AA53FE39170F5D9200041748 /* RNLocalViewController.h */ = {isa = PBXFileReference; fileEncoding = 4; lastKnownFileType = sourcecode.c.h; path = RNLocalViewController.h; sourceTree = "<group>"; };
		AA53FE3A170F5D9200041748 /* RNLocalViewController.m */ = {isa = PBXFileReference; fileEncoding = 4; lastKnownFileType = sourcecode.c.objc; path = RNLocalViewController.m; sourceTree = "<group>"; };
		AA53FE3C170F5DA200041748 /* RNLocalDetailViewController.h */ = {isa = PBXFileReference; fileEncoding = 4; lastKnownFileType = sourcecode.c.h; path = RNLocalDetailViewController.h; sourceTree = "<group>"; };
		AA53FE3D170F5DA200041748 /* RNLocalDetailViewController.m */ = {isa = PBXFileReference; fileEncoding = 4; lastKnownFileType = sourcecode.c.objc; path = RNLocalDetailViewController.m; sourceTree = "<group>"; };
		AA53FE3F170F5DEA00041748 /* RNLocalMapViewController.h */ = {isa = PBXFileReference; fileEncoding = 4; lastKnownFileType = sourcecode.c.h; path = RNLocalMapViewController.h; sourceTree = "<group>"; };
		AA53FE40170F5DEA00041748 /* RNLocalMapViewController.m */ = {isa = PBXFileReference; fileEncoding = 4; lastKnownFileType = sourcecode.c.objc; path = RNLocalMapViewController.m; sourceTree = "<group>"; };
		AA53FE42170F5DF900041748 /* RNAccountViewController.h */ = {isa = PBXFileReference; fileEncoding = 4; lastKnownFileType = sourcecode.c.h; path = RNAccountViewController.h; sourceTree = "<group>"; };
		AA53FE43170F5DF900041748 /* RNAccountViewController.m */ = {isa = PBXFileReference; fileEncoding = 4; lastKnownFileType = sourcecode.c.objc; path = RNAccountViewController.m; sourceTree = "<group>"; };
		AA53FE45170F5E3200041748 /* RNAccountEditViewController.h */ = {isa = PBXFileReference; fileEncoding = 4; lastKnownFileType = sourcecode.c.h; path = RNAccountEditViewController.h; sourceTree = "<group>"; };
		AA53FE46170F5E3200041748 /* RNAccountEditViewController.m */ = {isa = PBXFileReference; fileEncoding = 4; lastKnownFileType = sourcecode.c.objc; path = RNAccountEditViewController.m; sourceTree = "<group>"; };
		AA53FE48170F5E4300041748 /* RNAccountEditPasswordViewController.h */ = {isa = PBXFileReference; fileEncoding = 4; lastKnownFileType = sourcecode.c.h; path = RNAccountEditPasswordViewController.h; sourceTree = "<group>"; };
		AA53FE49170F5E4300041748 /* RNAccountEditPasswordViewController.m */ = {isa = PBXFileReference; fileEncoding = 4; lastKnownFileType = sourcecode.c.objc; path = RNAccountEditPasswordViewController.m; sourceTree = "<group>"; };
		AA53FE4B170F5E5C00041748 /* RNAccountStatementViewController.h */ = {isa = PBXFileReference; fileEncoding = 4; lastKnownFileType = sourcecode.c.h; path = RNAccountStatementViewController.h; sourceTree = "<group>"; };
		AA53FE4C170F5E5C00041748 /* RNAccountStatementViewController.m */ = {isa = PBXFileReference; fileEncoding = 4; lastKnownFileType = sourcecode.c.objc; path = RNAccountStatementViewController.m; sourceTree = "<group>"; };
		AA53FE4E170F5E8C00041748 /* RNAboutViewController.h */ = {isa = PBXFileReference; fileEncoding = 4; lastKnownFileType = sourcecode.c.h; path = RNAboutViewController.h; sourceTree = "<group>"; };
		AA53FE4F170F5E8C00041748 /* RNAboutViewController.m */ = {isa = PBXFileReference; fileEncoding = 4; lastKnownFileType = sourcecode.c.objc; path = RNAboutViewController.m; sourceTree = "<group>"; };
		AA53FE51170F5EA100041748 /* RNAboutEarningViewController.h */ = {isa = PBXFileReference; fileEncoding = 4; lastKnownFileType = sourcecode.c.h; path = RNAboutEarningViewController.h; sourceTree = "<group>"; };
		AA53FE52170F5EA100041748 /* RNAboutEarningViewController.m */ = {isa = PBXFileReference; fileEncoding = 4; lastKnownFileType = sourcecode.c.objc; path = RNAboutEarningViewController.m; sourceTree = "<group>"; };
		AA53FE54170F5EAA00041748 /* RNAboutRulesViewController.h */ = {isa = PBXFileReference; fileEncoding = 4; lastKnownFileType = sourcecode.c.h; path = RNAboutRulesViewController.h; sourceTree = "<group>"; };
		AA53FE55170F5EAA00041748 /* RNAboutRulesViewController.m */ = {isa = PBXFileReference; fileEncoding = 4; lastKnownFileType = sourcecode.c.objc; path = RNAboutRulesViewController.m; sourceTree = "<group>"; };
		AA53FE57170F5EB800041748 /* RNAboutQAViewController.h */ = {isa = PBXFileReference; fileEncoding = 4; lastKnownFileType = sourcecode.c.h; path = RNAboutQAViewController.h; sourceTree = "<group>"; };
		AA53FE58170F5EB800041748 /* RNAboutQAViewController.m */ = {isa = PBXFileReference; fileEncoding = 4; lastKnownFileType = sourcecode.c.objc; path = RNAboutQAViewController.m; sourceTree = "<group>"; };
		AA53FE5D170F68EA00041748 /* RNConstants.h */ = {isa = PBXFileReference; fileEncoding = 4; lastKnownFileType = sourcecode.c.h; path = RNConstants.h; sourceTree = "<group>"; };
		AA53FE5E170F68EA00041748 /* RNConstants.m */ = {isa = PBXFileReference; fileEncoding = 4; lastKnownFileType = sourcecode.c.objc; path = RNConstants.m; sourceTree = "<group>"; };
		AA53FE60170F6F8000041748 /* RNLocalAdditionalViewController.h */ = {isa = PBXFileReference; fileEncoding = 4; lastKnownFileType = sourcecode.c.h; path = RNLocalAdditionalViewController.h; sourceTree = "<group>"; };
		AA53FE61170F6F8000041748 /* RNLocalAdditionalViewController.m */ = {isa = PBXFileReference; fileEncoding = 4; lastKnownFileType = sourcecode.c.objc; path = RNLocalAdditionalViewController.m; sourceTree = "<group>"; };
		AA53FE63170F707200041748 /* tabbar-shadow.png */ = {isa = PBXFileReference; lastKnownFileType = image.png; path = "tabbar-shadow.png"; sourceTree = "<group>"; };
		AA53FE64170F707200041748 /* tabbar-shadow@2x.png */ = {isa = PBXFileReference; lastKnownFileType = image.png; path = "tabbar-shadow@2x.png"; sourceTree = "<group>"; };
		AA53FE67170F712A00041748 /* redeem.png */ = {isa = PBXFileReference; lastKnownFileType = image.png; path = redeem.png; sourceTree = "<group>"; };
		AA53FE68170F712A00041748 /* redeem@2x.png */ = {isa = PBXFileReference; lastKnownFileType = image.png; path = "redeem@2x.png"; sourceTree = "<group>"; };
		AA53FE6B170F717600041748 /* localdeals.png */ = {isa = PBXFileReference; lastKnownFileType = image.png; path = localdeals.png; sourceTree = "<group>"; };
		AA53FE6C170F717600041748 /* localdeals@2x.png */ = {isa = PBXFileReference; lastKnownFileType = image.png; path = "localdeals@2x.png"; sourceTree = "<group>"; };
		AA53FE6F170F736700041748 /* cart-empty.png */ = {isa = PBXFileReference; lastKnownFileType = image.png; path = "cart-empty.png"; sourceTree = "<group>"; };
		AA53FE70170F736700041748 /* cart-empty@2x.png */ = {isa = PBXFileReference; lastKnownFileType = image.png; path = "cart-empty@2x.png"; sourceTree = "<group>"; };
		AA53FE71170F736700041748 /* cart-full.png */ = {isa = PBXFileReference; lastKnownFileType = image.png; path = "cart-full.png"; sourceTree = "<group>"; };
		AA53FE72170F736700041748 /* cart-full@2x.png */ = {isa = PBXFileReference; lastKnownFileType = image.png; path = "cart-full@2x.png"; sourceTree = "<group>"; };
		AA53FE77170F741600041748 /* navbar-background.png */ = {isa = PBXFileReference; lastKnownFileType = image.png; path = "navbar-background.png"; sourceTree = "<group>"; };
		AA53FE78170F741600041748 /* navbar-background@2x.png */ = {isa = PBXFileReference; lastKnownFileType = image.png; path = "navbar-background@2x.png"; sourceTree = "<group>"; };
		AA53FE7B170F78D900041748 /* RNRedeemCell.h */ = {isa = PBXFileReference; fileEncoding = 4; lastKnownFileType = sourcecode.c.h; path = RNRedeemCell.h; sourceTree = "<group>"; };
		AA53FE7C170F78D900041748 /* RNRedeemCell.m */ = {isa = PBXFileReference; fileEncoding = 4; lastKnownFileType = sourcecode.c.objc; path = RNRedeemCell.m; sourceTree = "<group>"; };
		AA53FE7E170F7F0D00041748 /* charitychoice.png */ = {isa = PBXFileReference; lastKnownFileType = image.png; path = charitychoice.png; sourceTree = "<group>"; };
		AA53FE7F170F7F0D00041748 /* gap.png */ = {isa = PBXFileReference; lastKnownFileType = image.png; path = gap.png; sourceTree = "<group>"; };
		AA53FE80170F7F0E00041748 /* jcpenny.png */ = {isa = PBXFileReference; lastKnownFileType = image.png; path = jcpenny.png; sourceTree = "<group>"; };
		AA53FE87170F86CD00041748 /* AFHTTPClient.h */ = {isa = PBXFileReference; fileEncoding = 4; lastKnownFileType = sourcecode.c.h; path = AFHTTPClient.h; sourceTree = "<group>"; };
		AA53FE88170F86CD00041748 /* AFHTTPClient.m */ = {isa = PBXFileReference; fileEncoding = 4; lastKnownFileType = sourcecode.c.objc; path = AFHTTPClient.m; sourceTree = "<group>"; };
		AA53FE89170F86CD00041748 /* AFHTTPRequestOperation.h */ = {isa = PBXFileReference; fileEncoding = 4; lastKnownFileType = sourcecode.c.h; path = AFHTTPRequestOperation.h; sourceTree = "<group>"; };
		AA53FE8A170F86CD00041748 /* AFHTTPRequestOperation.m */ = {isa = PBXFileReference; fileEncoding = 4; lastKnownFileType = sourcecode.c.objc; path = AFHTTPRequestOperation.m; sourceTree = "<group>"; };
		AA53FE8B170F86CD00041748 /* AFImageRequestOperation.h */ = {isa = PBXFileReference; fileEncoding = 4; lastKnownFileType = sourcecode.c.h; path = AFImageRequestOperation.h; sourceTree = "<group>"; };
		AA53FE8C170F86CD00041748 /* AFImageRequestOperation.m */ = {isa = PBXFileReference; fileEncoding = 4; lastKnownFileType = sourcecode.c.objc; path = AFImageRequestOperation.m; sourceTree = "<group>"; };
		AA53FE8D170F86CD00041748 /* AFJSONRequestOperation.h */ = {isa = PBXFileReference; fileEncoding = 4; lastKnownFileType = sourcecode.c.h; path = AFJSONRequestOperation.h; sourceTree = "<group>"; };
		AA53FE8E170F86CD00041748 /* AFJSONRequestOperation.m */ = {isa = PBXFileReference; fileEncoding = 4; lastKnownFileType = sourcecode.c.objc; path = AFJSONRequestOperation.m; sourceTree = "<group>"; };
		AA53FE8F170F86CD00041748 /* AFNetworkActivityIndicatorManager.h */ = {isa = PBXFileReference; fileEncoding = 4; lastKnownFileType = sourcecode.c.h; path = AFNetworkActivityIndicatorManager.h; sourceTree = "<group>"; };
		AA53FE90170F86CD00041748 /* AFNetworkActivityIndicatorManager.m */ = {isa = PBXFileReference; fileEncoding = 4; lastKnownFileType = sourcecode.c.objc; path = AFNetworkActivityIndicatorManager.m; sourceTree = "<group>"; };
		AA53FE91170F86CD00041748 /* AFNetworking.h */ = {isa = PBXFileReference; fileEncoding = 4; lastKnownFileType = sourcecode.c.h; path = AFNetworking.h; sourceTree = "<group>"; };
		AA53FE92170F86CD00041748 /* AFPropertyListRequestOperation.h */ = {isa = PBXFileReference; fileEncoding = 4; lastKnownFileType = sourcecode.c.h; path = AFPropertyListRequestOperation.h; sourceTree = "<group>"; };
		AA53FE93170F86CD00041748 /* AFPropertyListRequestOperation.m */ = {isa = PBXFileReference; fileEncoding = 4; lastKnownFileType = sourcecode.c.objc; path = AFPropertyListRequestOperation.m; sourceTree = "<group>"; };
		AA53FE94170F86CD00041748 /* AFURLConnectionOperation.h */ = {isa = PBXFileReference; fileEncoding = 4; lastKnownFileType = sourcecode.c.h; path = AFURLConnectionOperation.h; sourceTree = "<group>"; };
		AA53FE95170F86CD00041748 /* AFURLConnectionOperation.m */ = {isa = PBXFileReference; fileEncoding = 4; lastKnownFileType = sourcecode.c.objc; path = AFURLConnectionOperation.m; sourceTree = "<group>"; };
		AA53FE96170F86CD00041748 /* AFXMLRequestOperation.h */ = {isa = PBXFileReference; fileEncoding = 4; lastKnownFileType = sourcecode.c.h; path = AFXMLRequestOperation.h; sourceTree = "<group>"; };
		AA53FE97170F86CD00041748 /* AFXMLRequestOperation.m */ = {isa = PBXFileReference; fileEncoding = 4; lastKnownFileType = sourcecode.c.objc; path = AFXMLRequestOperation.m; sourceTree = "<group>"; };
		AA53FE98170F86CD00041748 /* UIImageView+AFNetworking.h */ = {isa = PBXFileReference; fileEncoding = 4; lastKnownFileType = sourcecode.c.h; path = "UIImageView+AFNetworking.h"; sourceTree = "<group>"; };
		AA53FE99170F86CD00041748 /* UIImageView+AFNetworking.m */ = {isa = PBXFileReference; fileEncoding = 4; lastKnownFileType = sourcecode.c.objc; path = "UIImageView+AFNetworking.m"; sourceTree = "<group>"; };
		AA53FEA3170F873C00041748 /* RNWebService.h */ = {isa = PBXFileReference; fileEncoding = 4; lastKnownFileType = sourcecode.c.h; path = RNWebService.h; sourceTree = "<group>"; };
		AA53FEA4170F873C00041748 /* RNWebService.m */ = {isa = PBXFileReference; fileEncoding = 4; lastKnownFileType = sourcecode.c.objc; path = RNWebService.m; sourceTree = "<group>"; };
		AA53FEA6170F8ADC00041748 /* SystemConfiguration.framework */ = {isa = PBXFileReference; lastKnownFileType = wrapper.framework; name = SystemConfiguration.framework; path = System/Library/Frameworks/SystemConfiguration.framework; sourceTree = SDKROOT; };
		AA53FEA8170F8AE200041748 /* MobileCoreServices.framework */ = {isa = PBXFileReference; lastKnownFileType = wrapper.framework; name = MobileCoreServices.framework; path = System/Library/Frameworks/MobileCoreServices.framework; sourceTree = SDKROOT; };
		AA53FEAA170F937A00041748 /* about.png */ = {isa = PBXFileReference; lastKnownFileType = image.png; path = about.png; sourceTree = "<group>"; };
		AA53FEAB170F937A00041748 /* about@2x.png */ = {isa = PBXFileReference; lastKnownFileType = image.png; path = "about@2x.png"; sourceTree = "<group>"; };
		AA53FEAC170F937A00041748 /* account.png */ = {isa = PBXFileReference; lastKnownFileType = image.png; path = account.png; sourceTree = "<group>"; };
		AA53FEAD170F937A00041748 /* account@2x.png */ = {isa = PBXFileReference; lastKnownFileType = image.png; path = "account@2x.png"; sourceTree = "<group>"; };
		AA53FEB21710A5AB00041748 /* QuartzCore.framework */ = {isa = PBXFileReference; lastKnownFileType = wrapper.framework; name = QuartzCore.framework; path = System/Library/Frameworks/QuartzCore.framework; sourceTree = SDKROOT; };
		AA53FEB51710CFFE00041748 /* RNObject.h */ = {isa = PBXFileReference; fileEncoding = 4; lastKnownFileType = sourcecode.c.h; path = RNObject.h; sourceTree = "<group>"; };
		AA53FEB61710CFFE00041748 /* RNObject.m */ = {isa = PBXFileReference; fileEncoding = 4; lastKnownFileType = sourcecode.c.objc; path = RNObject.m; sourceTree = "<group>"; };
		AA53FEB81710D01400041748 /* RNRedeemObject.h */ = {isa = PBXFileReference; fileEncoding = 4; lastKnownFileType = sourcecode.c.h; path = RNRedeemObject.h; sourceTree = "<group>"; };
		AA53FEB91710D01400041748 /* RNRedeemObject.m */ = {isa = PBXFileReference; fileEncoding = 4; lastKnownFileType = sourcecode.c.objc; path = RNRedeemObject.m; sourceTree = "<group>"; };
		AA53FEBB1710DC3600041748 /* RNLocalCell.h */ = {isa = PBXFileReference; fileEncoding = 4; lastKnownFileType = sourcecode.c.h; path = RNLocalCell.h; sourceTree = "<group>"; };
		AA53FEBC1710DC3600041748 /* RNLocalCell.m */ = {isa = PBXFileReference; fileEncoding = 4; lastKnownFileType = sourcecode.c.objc; path = RNLocalCell.m; sourceTree = "<group>"; };
		AA53FEBE1710DDE900041748 /* MapKit.framework */ = {isa = PBXFileReference; lastKnownFileType = wrapper.framework; name = MapKit.framework; path = System/Library/Frameworks/MapKit.framework; sourceTree = SDKROOT; };
		AA53FEC11710EE9700041748 /* RNCartViewController.h */ = {isa = PBXFileReference; fileEncoding = 4; lastKnownFileType = sourcecode.c.h; path = RNCartViewController.h; sourceTree = "<group>"; };
		AA53FEC21710EE9700041748 /* RNCartViewController.m */ = {isa = PBXFileReference; fileEncoding = 4; lastKnownFileType = sourcecode.c.objc; path = RNCartViewController.m; sourceTree = "<group>"; };
		AA53FEC41710EEBB00041748 /* RNCartAccountViewController.h */ = {isa = PBXFileReference; fileEncoding = 4; lastKnownFileType = sourcecode.c.h; path = RNCartAccountViewController.h; sourceTree = "<group>"; };
		AA53FEC51710EEBB00041748 /* RNCartAccountViewController.m */ = {isa = PBXFileReference; fileEncoding = 4; lastKnownFileType = sourcecode.c.objc; path = RNCartAccountViewController.m; sourceTree = "<group>"; };
		AA53FEC71710EF0600041748 /* RNCartConfirmationViewController.h */ = {isa = PBXFileReference; fileEncoding = 4; lastKnownFileType = sourcecode.c.h; path = RNCartConfirmationViewController.h; sourceTree = "<group>"; };
		AA53FEC81710EF0600041748 /* RNCartConfirmationViewController.m */ = {isa = PBXFileReference; fileEncoding = 4; lastKnownFileType = sourcecode.c.objc; path = RNCartConfirmationViewController.m; sourceTree = "<group>"; };
		AA53FECA1710EF1900041748 /* RNCartThanksViewController.h */ = {isa = PBXFileReference; fileEncoding = 4; lastKnownFileType = sourcecode.c.h; path = RNCartThanksViewController.h; sourceTree = "<group>"; };
		AA53FECB1710EF1900041748 /* RNCartThanksViewController.m */ = {isa = PBXFileReference; fileEncoding = 4; lastKnownFileType = sourcecode.c.objc; path = RNCartThanksViewController.m; sourceTree = "<group>"; };
		AA55109E170F10A3001CC718 /* RewardsNow.app */ = {isa = PBXFileReference; explicitFileType = wrapper.application; includeInIndex = 0; path = RewardsNow.app; sourceTree = BUILT_PRODUCTS_DIR; };
		AA5510A1170F10A3001CC718 /* UIKit.framework */ = {isa = PBXFileReference; lastKnownFileType = wrapper.framework; name = UIKit.framework; path = System/Library/Frameworks/UIKit.framework; sourceTree = SDKROOT; };
		AA5510A3170F10A3001CC718 /* Foundation.framework */ = {isa = PBXFileReference; lastKnownFileType = wrapper.framework; name = Foundation.framework; path = System/Library/Frameworks/Foundation.framework; sourceTree = SDKROOT; };
		AA5510A5170F10A3001CC718 /* CoreGraphics.framework */ = {isa = PBXFileReference; lastKnownFileType = wrapper.framework; name = CoreGraphics.framework; path = System/Library/Frameworks/CoreGraphics.framework; sourceTree = SDKROOT; };
		AA5510A9170F10A3001CC718 /* RewardsNow-Info.plist */ = {isa = PBXFileReference; lastKnownFileType = text.plist.xml; path = "RewardsNow-Info.plist"; sourceTree = "<group>"; };
		AA5510AB170F10A3001CC718 /* en */ = {isa = PBXFileReference; lastKnownFileType = text.plist.strings; name = en; path = en.lproj/InfoPlist.strings; sourceTree = "<group>"; };
		AA5510AD170F10A3001CC718 /* main.m */ = {isa = PBXFileReference; lastKnownFileType = sourcecode.c.objc; path = main.m; sourceTree = "<group>"; };
		AA5510AF170F10A3001CC718 /* RewardsNow-Prefix.pch */ = {isa = PBXFileReference; lastKnownFileType = sourcecode.c.h; path = "RewardsNow-Prefix.pch"; sourceTree = "<group>"; };
		AA5510B0170F10A3001CC718 /* RNAppDelegate.h */ = {isa = PBXFileReference; lastKnownFileType = sourcecode.c.h; path = RNAppDelegate.h; sourceTree = "<group>"; };
		AA5510B1170F10A3001CC718 /* RNAppDelegate.m */ = {isa = PBXFileReference; lastKnownFileType = sourcecode.c.objc; path = RNAppDelegate.m; sourceTree = "<group>"; };
		AA5510B3170F10A3001CC718 /* Default.png */ = {isa = PBXFileReference; lastKnownFileType = image.png; path = Default.png; sourceTree = "<group>"; };
		AA5510B5170F10A3001CC718 /* Default@2x.png */ = {isa = PBXFileReference; lastKnownFileType = image.png; path = "Default@2x.png"; sourceTree = "<group>"; };
		AA5510B7170F10A3001CC718 /* Default-568h@2x.png */ = {isa = PBXFileReference; lastKnownFileType = image.png; path = "Default-568h@2x.png"; sourceTree = "<group>"; };
		AA5510BA170F10A3001CC718 /* en */ = {isa = PBXFileReference; lastKnownFileType = file.storyboard; name = en; path = en.lproj/MainStoryboard.storyboard; sourceTree = "<group>"; };
		AA5510CF170F10A3001CC718 /* RewardsNowTests.octest */ = {isa = PBXFileReference; explicitFileType = wrapper.cfbundle; includeInIndex = 0; path = RewardsNowTests.octest; sourceTree = BUILT_PRODUCTS_DIR; };
		AA5510D0170F10A3001CC718 /* SenTestingKit.framework */ = {isa = PBXFileReference; lastKnownFileType = wrapper.framework; name = SenTestingKit.framework; path = Library/Frameworks/SenTestingKit.framework; sourceTree = DEVELOPER_DIR; };
		AA5510D8170F10A3001CC718 /* RewardsNowTests-Info.plist */ = {isa = PBXFileReference; lastKnownFileType = text.plist.xml; path = "RewardsNowTests-Info.plist"; sourceTree = "<group>"; };
		AA5510DA170F10A3001CC718 /* en */ = {isa = PBXFileReference; lastKnownFileType = text.plist.strings; name = en; path = en.lproj/InfoPlist.strings; sourceTree = "<group>"; };
		AA5510DC170F10A3001CC718 /* RewardsNowTests.h */ = {isa = PBXFileReference; lastKnownFileType = sourcecode.c.h; path = RewardsNowTests.h; sourceTree = "<group>"; };
		AA5510DD170F10A3001CC718 /* RewardsNowTests.m */ = {isa = PBXFileReference; lastKnownFileType = sourcecode.c.objc; path = RewardsNowTests.m; sourceTree = "<group>"; };
/* End PBXFileReference section */

/* Begin PBXFrameworksBuildPhase section */
		AA55109B170F10A3001CC718 /* Frameworks */ = {
			isa = PBXFrameworksBuildPhase;
			buildActionMask = 2147483647;
			files = (
				AA53FEBF1710DDEA00041748 /* MapKit.framework in Frameworks */,
				AA53FEB31710A5AB00041748 /* QuartzCore.framework in Frameworks */,
				AA53FEA9170F8AE200041748 /* MobileCoreServices.framework in Frameworks */,
				AA53FEA7170F8ADC00041748 /* SystemConfiguration.framework in Frameworks */,
				AA5510A2170F10A3001CC718 /* UIKit.framework in Frameworks */,
				AA5510A4170F10A3001CC718 /* Foundation.framework in Frameworks */,
				AA5510A6170F10A3001CC718 /* CoreGraphics.framework in Frameworks */,
			);
			runOnlyForDeploymentPostprocessing = 0;
		};
		AA5510CB170F10A3001CC718 /* Frameworks */ = {
			isa = PBXFrameworksBuildPhase;
			buildActionMask = 2147483647;
			files = (
				AA5510D1170F10A3001CC718 /* SenTestingKit.framework in Frameworks */,
				AA5510D2170F10A3001CC718 /* UIKit.framework in Frameworks */,
				AA5510D3170F10A3001CC718 /* Foundation.framework in Frameworks */,
			);
			runOnlyForDeploymentPostprocessing = 0;
		};
/* End PBXFrameworksBuildPhase section */

/* Begin PBXGroup section */
		AA53FE38170F5D8400041748 /* Local Deals */ = {
			isa = PBXGroup;
			children = (
				AA53FE39170F5D9200041748 /* RNLocalViewController.h */,
				AA53FE3A170F5D9200041748 /* RNLocalViewController.m */,
				AA53FE3C170F5DA200041748 /* RNLocalDetailViewController.h */,
				AA53FE3D170F5DA200041748 /* RNLocalDetailViewController.m */,
				AA53FE3F170F5DEA00041748 /* RNLocalMapViewController.h */,
				AA53FE40170F5DEA00041748 /* RNLocalMapViewController.m */,
				AA53FE60170F6F8000041748 /* RNLocalAdditionalViewController.h */,
				AA53FE61170F6F8000041748 /* RNLocalAdditionalViewController.m */,
				AA53FEBB1710DC3600041748 /* RNLocalCell.h */,
				AA53FEBC1710DC3600041748 /* RNLocalCell.m */,
			);
			name = "Local Deals";
			sourceTree = "<group>";
		};
		AA53FE5A170F5EFE00041748 /* Account */ = {
			isa = PBXGroup;
			children = (
				AA53FE5C170F5F2200041748 /* Edit */,
				AA53FE42170F5DF900041748 /* RNAccountViewController.h */,
				AA53FE43170F5DF900041748 /* RNAccountViewController.m */,
				AA53FE4B170F5E5C00041748 /* RNAccountStatementViewController.h */,
				AA53FE4C170F5E5C00041748 /* RNAccountStatementViewController.m */,
			);
			name = Account;
			sourceTree = "<group>";
		};
		AA53FE5B170F5F1500041748 /* About */ = {
			isa = PBXGroup;
			children = (
				AA53FE4E170F5E8C00041748 /* RNAboutViewController.h */,
				AA53FE4F170F5E8C00041748 /* RNAboutViewController.m */,
				AA53FE51170F5EA100041748 /* RNAboutEarningViewController.h */,
				AA53FE52170F5EA100041748 /* RNAboutEarningViewController.m */,
				AA53FE54170F5EAA00041748 /* RNAboutRulesViewController.h */,
				AA53FE55170F5EAA00041748 /* RNAboutRulesViewController.m */,
				AA53FE57170F5EB800041748 /* RNAboutQAViewController.h */,
				AA53FE58170F5EB800041748 /* RNAboutQAViewController.m */,
			);
			name = About;
			sourceTree = "<group>";
		};
		AA53FE5C170F5F2200041748 /* Edit */ = {
			isa = PBXGroup;
			children = (
				AA53FE45170F5E3200041748 /* RNAccountEditViewController.h */,
				AA53FE46170F5E3200041748 /* RNAccountEditViewController.m */,
				AA53FE48170F5E4300041748 /* RNAccountEditPasswordViewController.h */,
				AA53FE49170F5E4300041748 /* RNAccountEditPasswordViewController.m */,
			);
			name = Edit;
			sourceTree = "<group>";
		};
		AA53FE84170F869C00041748 /* Networking */ = {
			isa = PBXGroup;
			children = (
				AA53FEA3170F873C00041748 /* RNWebService.h */,
				AA53FEA4170F873C00041748 /* RNWebService.m */,
			);
			name = Networking;
			sourceTree = "<group>";
		};
		AA53FE85170F86B300041748 /* Vendor */ = {
			isa = PBXGroup;
			children = (
				AA53FE86170F86C300041748 /* AFNetworking */,
			);
			name = Vendor;
			path = ..;
			sourceTree = "<group>";
		};
		AA53FE86170F86C300041748 /* AFNetworking */ = {
			isa = PBXGroup;
			children = (
				AA53FE87170F86CD00041748 /* AFHTTPClient.h */,
				AA53FE88170F86CD00041748 /* AFHTTPClient.m */,
				AA53FE89170F86CD00041748 /* AFHTTPRequestOperation.h */,
				AA53FE8A170F86CD00041748 /* AFHTTPRequestOperation.m */,
				AA53FE8B170F86CD00041748 /* AFImageRequestOperation.h */,
				AA53FE8C170F86CD00041748 /* AFImageRequestOperation.m */,
				AA53FE8D170F86CD00041748 /* AFJSONRequestOperation.h */,
				AA53FE8E170F86CD00041748 /* AFJSONRequestOperation.m */,
				AA53FE8F170F86CD00041748 /* AFNetworkActivityIndicatorManager.h */,
				AA53FE90170F86CD00041748 /* AFNetworkActivityIndicatorManager.m */,
				AA53FE91170F86CD00041748 /* AFNetworking.h */,
				AA53FE92170F86CD00041748 /* AFPropertyListRequestOperation.h */,
				AA53FE93170F86CD00041748 /* AFPropertyListRequestOperation.m */,
				AA53FE94170F86CD00041748 /* AFURLConnectionOperation.h */,
				AA53FE95170F86CD00041748 /* AFURLConnectionOperation.m */,
				AA53FE96170F86CD00041748 /* AFXMLRequestOperation.h */,
				AA53FE97170F86CD00041748 /* AFXMLRequestOperation.m */,
				AA53FE98170F86CD00041748 /* UIImageView+AFNetworking.h */,
				AA53FE99170F86CD00041748 /* UIImageView+AFNetworking.m */,
			);
			name = AFNetworking;
			sourceTree = "<group>";
		};
		AA53FEB41710CFDE00041748 /* Model */ = {
			isa = PBXGroup;
			children = (
				AA53FEB51710CFFE00041748 /* RNObject.h */,
				AA53FEB61710CFFE00041748 /* RNObject.m */,
				AA53FEB81710D01400041748 /* RNRedeemObject.h */,
				AA53FEB91710D01400041748 /* RNRedeemObject.m */,
			);
			name = Model;
			sourceTree = "<group>";
		};
		AA53FEC01710EE7C00041748 /* Cart */ = {
			isa = PBXGroup;
			children = (
				AA53FEC11710EE9700041748 /* RNCartViewController.h */,
				AA53FEC21710EE9700041748 /* RNCartViewController.m */,
				AA53FEC41710EEBB00041748 /* RNCartAccountViewController.h */,
				AA53FEC51710EEBB00041748 /* RNCartAccountViewController.m */,
				AA53FEC71710EF0600041748 /* RNCartConfirmationViewController.h */,
				AA53FEC81710EF0600041748 /* RNCartConfirmationViewController.m */,
				AA53FECA1710EF1900041748 /* RNCartThanksViewController.h */,
				AA53FECB1710EF1900041748 /* RNCartThanksViewController.m */,
			);
			name = Cart;
			sourceTree = "<group>";
		};
		AA551095170F10A3001CC718 = {
			isa = PBXGroup;
			children = (
				AA5510A7170F10A3001CC718 /* RewardsNow */,
				AA5510D6170F10A3001CC718 /* RewardsNowTests */,
				AA5510A0170F10A3001CC718 /* Frameworks */,
				AA55109F170F10A3001CC718 /* Products */,
			);
			sourceTree = "<group>";
		};
		AA55109F170F10A3001CC718 /* Products */ = {
			isa = PBXGroup;
			children = (
				AA55109E170F10A3001CC718 /* RewardsNow.app */,
				AA5510CF170F10A3001CC718 /* RewardsNowTests.octest */,
			);
			name = Products;
			sourceTree = "<group>";
		};
		AA5510A0170F10A3001CC718 /* Frameworks */ = {
			isa = PBXGroup;
			children = (
				AA53FEBE1710DDE900041748 /* MapKit.framework */,
				AA53FEB21710A5AB00041748 /* QuartzCore.framework */,
				AA53FEA8170F8AE200041748 /* MobileCoreServices.framework */,
				AA53FEA6170F8ADC00041748 /* SystemConfiguration.framework */,
				AA5510A1170F10A3001CC718 /* UIKit.framework */,
				AA5510A3170F10A3001CC718 /* Foundation.framework */,
				AA5510A5170F10A3001CC718 /* CoreGraphics.framework */,
				AA5510D0170F10A3001CC718 /* SenTestingKit.framework */,
			);
			name = Frameworks;
			sourceTree = "<group>";
		};
		AA5510A7170F10A3001CC718 /* RewardsNow */ = {
			isa = PBXGroup;
			children = (
				AA5510E9170F114C001CC718 /* App Delegates */,
				AA5510E8170F1145001CC718 /* StoryBoard */,
				AA5510EA170F1155001CC718 /* Redeem */,
				AA53FE38170F5D8400041748 /* Local Deals */,
				AA53FE5A170F5EFE00041748 /* Account */,
				AA53FEC01710EE7C00041748 /* Cart */,
				AA53FE5B170F5F1500041748 /* About */,
				AA53FE84170F869C00041748 /* Networking */,
				AA53FEB41710CFDE00041748 /* Model */,
				AA53FE85170F86B300041748 /* Vendor */,
				AA5510A8170F10A3001CC718 /* Supporting Files */,
			);
			path = RewardsNow;
			sourceTree = "<group>";
		};
		AA5510A8170F10A3001CC718 /* Supporting Files */ = {
			isa = PBXGroup;
			children = (
				AA5510E7170F1134001CC718 /* Images */,
				AA5510A9170F10A3001CC718 /* RewardsNow-Info.plist */,
				AA5510AA170F10A3001CC718 /* InfoPlist.strings */,
				AA5510AD170F10A3001CC718 /* main.m */,
				AA5510AF170F10A3001CC718 /* RewardsNow-Prefix.pch */,
				AA5510B3170F10A3001CC718 /* Default.png */,
				AA5510B5170F10A3001CC718 /* Default@2x.png */,
				AA5510B7170F10A3001CC718 /* Default-568h@2x.png */,
			);
			name = "Supporting Files";
			sourceTree = "<group>";
		};
		AA5510D6170F10A3001CC718 /* RewardsNowTests */ = {
			isa = PBXGroup;
			children = (
				AA5510DC170F10A3001CC718 /* RewardsNowTests.h */,
				AA5510DD170F10A3001CC718 /* RewardsNowTests.m */,
				AA5510D7170F10A3001CC718 /* Supporting Files */,
			);
			path = RewardsNowTests;
			sourceTree = "<group>";
		};
		AA5510D7170F10A3001CC718 /* Supporting Files */ = {
			isa = PBXGroup;
			children = (
				AA5510D8170F10A3001CC718 /* RewardsNowTests-Info.plist */,
				AA5510D9170F10A3001CC718 /* InfoPlist.strings */,
			);
			name = "Supporting Files";
			sourceTree = "<group>";
		};
		AA5510E7170F1134001CC718 /* Images */ = {
			isa = PBXGroup;
			children = (
				AA53FEAA170F937A00041748 /* about.png */,
				AA53FEAB170F937A00041748 /* about@2x.png */,
				AA53FEAC170F937A00041748 /* account.png */,
				AA53FEAD170F937A00041748 /* account@2x.png */,
				AA53FE7E170F7F0D00041748 /* charitychoice.png */,
				AA53FE7F170F7F0D00041748 /* gap.png */,
				AA53FE80170F7F0E00041748 /* jcpenny.png */,
				AA53FE77170F741600041748 /* navbar-background.png */,
				AA53FE78170F741600041748 /* navbar-background@2x.png */,
				AA53FE6F170F736700041748 /* cart-empty.png */,
				AA53FE70170F736700041748 /* cart-empty@2x.png */,
				AA53FE71170F736700041748 /* cart-full.png */,
				AA53FE72170F736700041748 /* cart-full@2x.png */,
				AA53FE6B170F717600041748 /* localdeals.png */,
				AA53FE6C170F717600041748 /* localdeals@2x.png */,
				AA53FE67170F712A00041748 /* redeem.png */,
				AA53FE68170F712A00041748 /* redeem@2x.png */,
				AA53FE63170F707200041748 /* tabbar-shadow.png */,
				AA53FE64170F707200041748 /* tabbar-shadow@2x.png */,
			);
			name = Images;
			sourceTree = "<group>";
		};
		AA5510E8170F1145001CC718 /* StoryBoard */ = {
			isa = PBXGroup;
			children = (
				AA5510B9170F10A3001CC718 /* MainStoryboard.storyboard */,
			);
			name = StoryBoard;
			sourceTree = "<group>";
		};
		AA5510E9170F114C001CC718 /* App Delegates */ = {
			isa = PBXGroup;
			children = (
				AA5510B0170F10A3001CC718 /* RNAppDelegate.h */,
				AA5510B1170F10A3001CC718 /* RNAppDelegate.m */,
				AA53FE5D170F68EA00041748 /* RNConstants.h */,
				AA53FE5E170F68EA00041748 /* RNConstants.m */,
			);
			name = "App Delegates";
			sourceTree = "<group>";
		};
		AA5510EA170F1155001CC718 /* Redeem */ = {
			isa = PBXGroup;
			children = (
				AA53FE32170F5D6A00041748 /* RNRedeemViewController.h */,
				AA53FE33170F5D6A00041748 /* RNRedeemViewController.m */,
				AA53FE35170F5D7E00041748 /* RNRedeemDetailViewController.h */,
				AA53FE36170F5D7E00041748 /* RNRedeemDetailViewController.m */,
				AA53FE7B170F78D900041748 /* RNRedeemCell.h */,
				AA53FE7C170F78D900041748 /* RNRedeemCell.m */,
			);
			name = Redeem;
			sourceTree = "<group>";
		};
/* End PBXGroup section */

/* Begin PBXNativeTarget section */
		AA55109D170F10A3001CC718 /* RewardsNow */ = {
			isa = PBXNativeTarget;
			buildConfigurationList = AA5510E1170F10A3001CC718 /* Build configuration list for PBXNativeTarget "RewardsNow" */;
			buildPhases = (
				AA55109A170F10A3001CC718 /* Sources */,
				AA55109B170F10A3001CC718 /* Frameworks */,
				AA55109C170F10A3001CC718 /* Resources */,
			);
			buildRules = (
			);
			dependencies = (
			);
			name = RewardsNow;
			productName = RewardsNow;
			productReference = AA55109E170F10A3001CC718 /* RewardsNow.app */;
			productType = "com.apple.product-type.application";
		};
		AA5510CE170F10A3001CC718 /* RewardsNowTests */ = {
			isa = PBXNativeTarget;
			buildConfigurationList = AA5510E4170F10A3001CC718 /* Build configuration list for PBXNativeTarget "RewardsNowTests" */;
			buildPhases = (
				AA5510CA170F10A3001CC718 /* Sources */,
				AA5510CB170F10A3001CC718 /* Frameworks */,
				AA5510CC170F10A3001CC718 /* Resources */,
				AA5510CD170F10A3001CC718 /* ShellScript */,
			);
			buildRules = (
			);
			dependencies = (
				AA5510D5170F10A3001CC718 /* PBXTargetDependency */,
			);
			name = RewardsNowTests;
			productName = RewardsNowTests;
			productReference = AA5510CF170F10A3001CC718 /* RewardsNowTests.octest */;
			productType = "com.apple.product-type.bundle";
		};
/* End PBXNativeTarget section */

/* Begin PBXProject section */
		AA551096170F10A3001CC718 /* Project object */ = {
			isa = PBXProject;
			attributes = {
				CLASSPREFIX = RN;
				LastUpgradeCheck = 0460;
				ORGANIZATIONNAME = "CloudMine LLC.";
			};
			buildConfigurationList = AA551099170F10A3001CC718 /* Build configuration list for PBXProject "RewardsNow" */;
			compatibilityVersion = "Xcode 3.2";
			developmentRegion = English;
			hasScannedForEncodings = 0;
			knownRegions = (
				en,
			);
			mainGroup = AA551095170F10A3001CC718;
			productRefGroup = AA55109F170F10A3001CC718 /* Products */;
			projectDirPath = "";
			projectRoot = "";
			targets = (
				AA55109D170F10A3001CC718 /* RewardsNow */,
				AA5510CE170F10A3001CC718 /* RewardsNowTests */,
			);
		};
/* End PBXProject section */

/* Begin PBXResourcesBuildPhase section */
		AA55109C170F10A3001CC718 /* Resources */ = {
			isa = PBXResourcesBuildPhase;
			buildActionMask = 2147483647;
			files = (
				AA5510AC170F10A3001CC718 /* InfoPlist.strings in Resources */,
				AA5510B4170F10A3001CC718 /* Default.png in Resources */,
				AA5510B6170F10A3001CC718 /* Default@2x.png in Resources */,
				AA5510B8170F10A3001CC718 /* Default-568h@2x.png in Resources */,
				AA5510BB170F10A3001CC718 /* MainStoryboard.storyboard in Resources */,
				AA53FE65170F707200041748 /* tabbar-shadow.png in Resources */,
				AA53FE66170F707200041748 /* tabbar-shadow@2x.png in Resources */,
				AA53FE69170F712A00041748 /* redeem.png in Resources */,
				AA53FE6A170F712A00041748 /* redeem@2x.png in Resources */,
				AA53FE6D170F717600041748 /* localdeals.png in Resources */,
				AA53FE6E170F717600041748 /* localdeals@2x.png in Resources */,
				AA53FE73170F736800041748 /* cart-empty.png in Resources */,
				AA53FE74170F736800041748 /* cart-empty@2x.png in Resources */,
				AA53FE75170F736800041748 /* cart-full.png in Resources */,
				AA53FE76170F736800041748 /* cart-full@2x.png in Resources */,
				AA53FE79170F741600041748 /* navbar-background.png in Resources */,
				AA53FE7A170F741600041748 /* navbar-background@2x.png in Resources */,
				AA53FE81170F7F0E00041748 /* charitychoice.png in Resources */,
				AA53FE82170F7F0E00041748 /* gap.png in Resources */,
				AA53FE83170F7F0E00041748 /* jcpenny.png in Resources */,
				AA53FEAE170F937A00041748 /* about.png in Resources */,
				AA53FEAF170F937A00041748 /* about@2x.png in Resources */,
				AA53FEB0170F937A00041748 /* account.png in Resources */,
				AA53FEB1170F937A00041748 /* account@2x.png in Resources */,
			);
			runOnlyForDeploymentPostprocessing = 0;
		};
		AA5510CC170F10A3001CC718 /* Resources */ = {
			isa = PBXResourcesBuildPhase;
			buildActionMask = 2147483647;
			files = (
				AA5510DB170F10A3001CC718 /* InfoPlist.strings in Resources */,
			);
			runOnlyForDeploymentPostprocessing = 0;
		};
/* End PBXResourcesBuildPhase section */

/* Begin PBXShellScriptBuildPhase section */
		AA5510CD170F10A3001CC718 /* ShellScript */ = {
			isa = PBXShellScriptBuildPhase;
			buildActionMask = 2147483647;
			files = (
			);
			inputPaths = (
			);
			outputPaths = (
			);
			runOnlyForDeploymentPostprocessing = 0;
			shellPath = /bin/sh;
			shellScript = "# Run the unit tests in this test bundle.\n\"${SYSTEM_DEVELOPER_DIR}/Tools/RunUnitTests\"\n";
		};
/* End PBXShellScriptBuildPhase section */

/* Begin PBXSourcesBuildPhase section */
		AA55109A170F10A3001CC718 /* Sources */ = {
			isa = PBXSourcesBuildPhase;
			buildActionMask = 2147483647;
			files = (
				AA5510AE170F10A3001CC718 /* main.m in Sources */,
				AA5510B2170F10A3001CC718 /* RNAppDelegate.m in Sources */,
				AA53FE34170F5D6A00041748 /* RNRedeemViewController.m in Sources */,
				AA53FE37170F5D7E00041748 /* RNRedeemDetailViewController.m in Sources */,
				AA53FE3B170F5D9200041748 /* RNLocalViewController.m in Sources */,
				AA53FE3E170F5DA200041748 /* RNLocalDetailViewController.m in Sources */,
				AA53FE41170F5DEA00041748 /* RNLocalMapViewController.m in Sources */,
				AA53FE44170F5DF900041748 /* RNAccountViewController.m in Sources */,
				AA53FE47170F5E3200041748 /* RNAccountEditViewController.m in Sources */,
				AA53FE4A170F5E4300041748 /* RNAccountEditPasswordViewController.m in Sources */,
				AA53FE4D170F5E5D00041748 /* RNAccountStatementViewController.m in Sources */,
				AA53FE50170F5E8C00041748 /* RNAboutViewController.m in Sources */,
				AA53FE53170F5EA100041748 /* RNAboutEarningViewController.m in Sources */,
				AA53FE56170F5EAA00041748 /* RNAboutRulesViewController.m in Sources */,
				AA53FE59170F5EB800041748 /* RNAboutQAViewController.m in Sources */,
				AA53FE5F170F68EA00041748 /* RNConstants.m in Sources */,
				AA53FE62170F6F8000041748 /* RNLocalAdditionalViewController.m in Sources */,
				AA53FE7D170F78D900041748 /* RNRedeemCell.m in Sources */,
				AA53FE9A170F86CD00041748 /* AFHTTPClient.m in Sources */,
				AA53FE9B170F86CD00041748 /* AFHTTPRequestOperation.m in Sources */,
				AA53FE9C170F86CD00041748 /* AFImageRequestOperation.m in Sources */,
				AA53FE9D170F86CD00041748 /* AFJSONRequestOperation.m in Sources */,
				AA53FE9E170F86CD00041748 /* AFNetworkActivityIndicatorManager.m in Sources */,
				AA53FE9F170F86CD00041748 /* AFPropertyListRequestOperation.m in Sources */,
				AA53FEA0170F86CD00041748 /* AFURLConnectionOperation.m in Sources */,
				AA53FEA1170F86CD00041748 /* AFXMLRequestOperation.m in Sources */,
				AA53FEA2170F86CD00041748 /* UIImageView+AFNetworking.m in Sources */,
				AA53FEA5170F873C00041748 /* RNWebService.m in Sources */,
				AA53FEB71710CFFE00041748 /* RNObject.m in Sources */,
				AA53FEBA1710D01400041748 /* RNRedeemObject.m in Sources */,
				AA53FEBD1710DC3600041748 /* RNLocalCell.m in Sources */,
				AA53FEC31710EE9700041748 /* RNCartViewController.m in Sources */,
				AA53FEC61710EEBB00041748 /* RNCartAccountViewController.m in Sources */,
				AA53FEC91710EF0600041748 /* RNCartConfirmationViewController.m in Sources */,
				AA53FECC1710EF1900041748 /* RNCartThanksViewController.m in Sources */,
			);
			runOnlyForDeploymentPostprocessing = 0;
		};
		AA5510CA170F10A3001CC718 /* Sources */ = {
			isa = PBXSourcesBuildPhase;
			buildActionMask = 2147483647;
			files = (
				AA5510DE170F10A3001CC718 /* RewardsNowTests.m in Sources */,
			);
			runOnlyForDeploymentPostprocessing = 0;
		};
/* End PBXSourcesBuildPhase section */

/* Begin PBXTargetDependency section */
		AA5510D5170F10A3001CC718 /* PBXTargetDependency */ = {
			isa = PBXTargetDependency;
			target = AA55109D170F10A3001CC718 /* RewardsNow */;
			targetProxy = AA5510D4170F10A3001CC718 /* PBXContainerItemProxy */;
		};
/* End PBXTargetDependency section */

/* Begin PBXVariantGroup section */
		AA5510AA170F10A3001CC718 /* InfoPlist.strings */ = {
			isa = PBXVariantGroup;
			children = (
				AA5510AB170F10A3001CC718 /* en */,
			);
			name = InfoPlist.strings;
			sourceTree = "<group>";
		};
		AA5510B9170F10A3001CC718 /* MainStoryboard.storyboard */ = {
			isa = PBXVariantGroup;
			children = (
				AA5510BA170F10A3001CC718 /* en */,
			);
			name = MainStoryboard.storyboard;
			sourceTree = "<group>";
		};
		AA5510D9170F10A3001CC718 /* InfoPlist.strings */ = {
			isa = PBXVariantGroup;
			children = (
				AA5510DA170F10A3001CC718 /* en */,
			);
			name = InfoPlist.strings;
			sourceTree = "<group>";
		};
/* End PBXVariantGroup section */

/* Begin XCBuildConfiguration section */
		AA5510DF170F10A3001CC718 /* Debug */ = {
			isa = XCBuildConfiguration;
			buildSettings = {
				ALWAYS_SEARCH_USER_PATHS = NO;
				CLANG_CXX_LANGUAGE_STANDARD = "gnu++0x";
				CLANG_CXX_LIBRARY = "libc++";
				CLANG_ENABLE_OBJC_ARC = YES;
				CLANG_WARN_CONSTANT_CONVERSION = YES;
				CLANG_WARN_EMPTY_BODY = YES;
				CLANG_WARN_ENUM_CONVERSION = YES;
				CLANG_WARN_INT_CONVERSION = YES;
				CLANG_WARN__DUPLICATE_METHOD_MATCH = YES;
				"CODE_SIGN_IDENTITY[sdk=iphoneos*]" = "iPhone Developer";
				COPY_PHASE_STRIP = NO;
				GCC_C_LANGUAGE_STANDARD = gnu99;
				GCC_DYNAMIC_NO_PIC = NO;
				GCC_OPTIMIZATION_LEVEL = 0;
				GCC_PREPROCESSOR_DEFINITIONS = (
					"DEBUG=1",
					"$(inherited)",
				);
				GCC_SYMBOLS_PRIVATE_EXTERN = NO;
				GCC_WARN_ABOUT_RETURN_TYPE = YES;
				GCC_WARN_UNINITIALIZED_AUTOS = YES;
				GCC_WARN_UNUSED_VARIABLE = YES;
				IPHONEOS_DEPLOYMENT_TARGET = 6.1;
				ONLY_ACTIVE_ARCH = YES;
				SDKROOT = iphoneos;
			};
			name = Debug;
		};
		AA5510E0170F10A3001CC718 /* Release */ = {
			isa = XCBuildConfiguration;
			buildSettings = {
				ALWAYS_SEARCH_USER_PATHS = NO;
				CLANG_CXX_LANGUAGE_STANDARD = "gnu++0x";
				CLANG_CXX_LIBRARY = "libc++";
				CLANG_ENABLE_OBJC_ARC = YES;
				CLANG_WARN_CONSTANT_CONVERSION = YES;
				CLANG_WARN_EMPTY_BODY = YES;
				CLANG_WARN_ENUM_CONVERSION = YES;
				CLANG_WARN_INT_CONVERSION = YES;
				CLANG_WARN__DUPLICATE_METHOD_MATCH = YES;
				"CODE_SIGN_IDENTITY[sdk=iphoneos*]" = "iPhone Developer";
				COPY_PHASE_STRIP = YES;
				GCC_C_LANGUAGE_STANDARD = gnu99;
				GCC_WARN_ABOUT_RETURN_TYPE = YES;
				GCC_WARN_UNINITIALIZED_AUTOS = YES;
				GCC_WARN_UNUSED_VARIABLE = YES;
				IPHONEOS_DEPLOYMENT_TARGET = 6.1;
				OTHER_CFLAGS = "-DNS_BLOCK_ASSERTIONS=1";
				SDKROOT = iphoneos;
				VALIDATE_PRODUCT = YES;
			};
			name = Release;
		};
		AA5510E2170F10A3001CC718 /* Debug */ = {
			isa = XCBuildConfiguration;
			buildSettings = {
				GCC_PRECOMPILE_PREFIX_HEADER = YES;
				GCC_PREFIX_HEADER = "RewardsNow/RewardsNow-Prefix.pch";
				INFOPLIST_FILE = "RewardsNow/RewardsNow-Info.plist";
				PRODUCT_NAME = "$(TARGET_NAME)";
				WRAPPER_EXTENSION = app;
			};
			name = Debug;
		};
		AA5510E3170F10A3001CC718 /* Release */ = {
			isa = XCBuildConfiguration;
			buildSettings = {
				GCC_PRECOMPILE_PREFIX_HEADER = YES;
				GCC_PREFIX_HEADER = "RewardsNow/RewardsNow-Prefix.pch";
				INFOPLIST_FILE = "RewardsNow/RewardsNow-Info.plist";
				PRODUCT_NAME = "$(TARGET_NAME)";
				WRAPPER_EXTENSION = app;
			};
			name = Release;
		};
		AA5510E5170F10A3001CC718 /* Debug */ = {
			isa = XCBuildConfiguration;
			buildSettings = {
				BUNDLE_LOADER = "$(BUILT_PRODUCTS_DIR)/RewardsNow.app/RewardsNow";
				FRAMEWORK_SEARCH_PATHS = (
					"\"$(SDKROOT)/Developer/Library/Frameworks\"",
					"\"$(DEVELOPER_LIBRARY_DIR)/Frameworks\"",
				);
				GCC_PRECOMPILE_PREFIX_HEADER = YES;
				GCC_PREFIX_HEADER = "RewardsNow/RewardsNow-Prefix.pch";
				INFOPLIST_FILE = "RewardsNowTests/RewardsNowTests-Info.plist";
				PRODUCT_NAME = "$(TARGET_NAME)";
				TEST_HOST = "$(BUNDLE_LOADER)";
				WRAPPER_EXTENSION = octest;
			};
			name = Debug;
		};
		AA5510E6170F10A3001CC718 /* Release */ = {
			isa = XCBuildConfiguration;
			buildSettings = {
				BUNDLE_LOADER = "$(BUILT_PRODUCTS_DIR)/RewardsNow.app/RewardsNow";
				FRAMEWORK_SEARCH_PATHS = (
					"\"$(SDKROOT)/Developer/Library/Frameworks\"",
					"\"$(DEVELOPER_LIBRARY_DIR)/Frameworks\"",
				);
				GCC_PRECOMPILE_PREFIX_HEADER = YES;
				GCC_PREFIX_HEADER = "RewardsNow/RewardsNow-Prefix.pch";
				INFOPLIST_FILE = "RewardsNowTests/RewardsNowTests-Info.plist";
				PRODUCT_NAME = "$(TARGET_NAME)";
				TEST_HOST = "$(BUNDLE_LOADER)";
				WRAPPER_EXTENSION = octest;
			};
			name = Release;
		};
/* End XCBuildConfiguration section */

/* Begin XCConfigurationList section */
		AA551099170F10A3001CC718 /* Build configuration list for PBXProject "RewardsNow" */ = {
			isa = XCConfigurationList;
			buildConfigurations = (
				AA5510DF170F10A3001CC718 /* Debug */,
				AA5510E0170F10A3001CC718 /* Release */,
			);
			defaultConfigurationIsVisible = 0;
			defaultConfigurationName = Release;
		};
		AA5510E1170F10A3001CC718 /* Build configuration list for PBXNativeTarget "RewardsNow" */ = {
			isa = XCConfigurationList;
			buildConfigurations = (
				AA5510E2170F10A3001CC718 /* Debug */,
				AA5510E3170F10A3001CC718 /* Release */,
			);
			defaultConfigurationIsVisible = 0;
			defaultConfigurationName = Release;
		};
		AA5510E4170F10A3001CC718 /* Build configuration list for PBXNativeTarget "RewardsNowTests" */ = {
			isa = XCConfigurationList;
			buildConfigurations = (
				AA5510E5170F10A3001CC718 /* Debug */,
				AA5510E6170F10A3001CC718 /* Release */,
			);
			defaultConfigurationIsVisible = 0;
			defaultConfigurationName = Release;
		};
/* End XCConfigurationList section */
	};
	rootObject = AA551096170F10A3001CC718 /* Project object */;
}
